
Microsoft Visual Studio Solution File, Format Version 12.00
# Visual Studio Version 16
VisualStudioVersion = 16.0.29123.88
MinimumVisualStudioVersion = 10.0.40219.1
Project("{FAE04EC0-301F-11D3-BF4B-00C04F79EFBC}") = "PDFMergeDesktop", "PDFMergeDesktop\PDFMergeDesktop.csproj", "{32C8D353-D96B-4177-A8FA-6B9F0AAA9A66}"
EndProject
Project("{840C416C-B8F3-42BC-B0DD-F6BB14C9F8CB}") = "InstallPdfMerge", "InstallPdfMerge\InstallPdfMerge.aiproj", "{9976883C-A726-4283-BA99-A5EBE47FBF8F}"
	ProjectSection(ProjectDependencies) = postProject
		{32C8D353-D96B-4177-A8FA-6B9F0AAA9A66} = {32C8D353-D96B-4177-A8FA-6B9F0AAA9A66}
	EndProjectSection
EndProject
Global
	GlobalSection(SolutionConfigurationPlatforms) = preSolution
		All|Any CPU = All|Any CPU
		All|x86 = All|x86
		Debug|Any CPU = Debug|Any CPU
		Debug|x86 = Debug|x86
		Release|Any CPU = Release|Any CPU
		Release|x86 = Release|x86
	EndGlobalSection
	GlobalSection(ProjectConfigurationPlatforms) = postSolution
		{32C8D353-D96B-4177-A8FA-6B9F0AAA9A66}.All|Any CPU.ActiveCfg = Release|Any CPU
		{32C8D353-D96B-4177-A8FA-6B9F0AAA9A66}.All|Any CPU.Build.0 = Release|Any CPU
		{32C8D353-D96B-4177-A8FA-6B9F0AAA9A66}.All|x86.ActiveCfg = Release|Any CPU
		{32C8D353-D96B-4177-A8FA-6B9F0AAA9A66}.All|x86.Build.0 = Release|Any CPU
		{32C8D353-D96B-4177-A8FA-6B9F0AAA9A66}.Debug|Any CPU.ActiveCfg = Debug|Any CPU
		{32C8D353-D96B-4177-A8FA-6B9F0AAA9A66}.Debug|Any CPU.Build.0 = Debug|Any CPU
		{32C8D353-D96B-4177-A8FA-6B9F0AAA9A66}.Debug|x86.ActiveCfg = Debug|Any CPU
		{32C8D353-D96B-4177-A8FA-6B9F0AAA9A66}.Debug|x86.Build.0 = Debug|Any CPU
		{32C8D353-D96B-4177-A8FA-6B9F0AAA9A66}.Release|Any CPU.ActiveCfg = Release|Any CPU
		{32C8D353-D96B-4177-A8FA-6B9F0AAA9A66}.Release|Any CPU.Build.0 = Release|Any CPU
		{32C8D353-D96B-4177-A8FA-6B9F0AAA9A66}.Release|x86.ActiveCfg = Release|Any CPU
		{32C8D353-D96B-4177-A8FA-6B9F0AAA9A66}.Release|x86.Build.0 = Release|Any CPU
		{9976883C-A726-4283-BA99-A5EBE47FBF8F}.All|Any CPU.ActiveCfg = DefaultBuild
		{9976883C-A726-4283-BA99-A5EBE47FBF8F}.All|Any CPU.Build.0 = DefaultBuild
		{9976883C-A726-4283-BA99-A5EBE47FBF8F}.All|x86.ActiveCfg = DefaultBuild
		{9976883C-A726-4283-BA99-A5EBE47FBF8F}.All|x86.Build.0 = DefaultBuild
		{9976883C-A726-4283-BA99-A5EBE47FBF8F}.Debug|Any CPU.ActiveCfg = DefaultBuild
		{9976883C-A726-4283-BA99-A5EBE47FBF8F}.Debug|Any CPU.Build.0 = DefaultBuild
		{9976883C-A726-4283-BA99-A5EBE47FBF8F}.Debug|x86.ActiveCfg = DefaultBuild
		{9976883C-A726-4283-BA99-A5EBE47FBF8F}.Debug|x86.Build.0 = DefaultBuild
		{9976883C-A726-4283-BA99-A5EBE47FBF8F}.Release|Any CPU.ActiveCfg = DefaultBuild
		{9976883C-A726-4283-BA99-A5EBE47FBF8F}.Release|Any CPU.Build.0 = DefaultBuild
		{9976883C-A726-4283-BA99-A5EBE47FBF8F}.Release|x86.ActiveCfg = DefaultBuild
		{9976883C-A726-4283-BA99-A5EBE47FBF8F}.Release|x86.Build.0 = DefaultBuild
	EndGlobalSection
	GlobalSection(SolutionProperties) = preSolution
		HideSolutionNode = FALSE
	EndGlobalSection
	GlobalSection(ExtensibilityGlobals) = postSolution
		SolutionGuid = {EFCE8AD7-C565-4972-9D24-DBB20531814F}
	EndGlobalSection
EndGlobal
